
Microsoft Visual Studio Solution File, Format Version 12.00
# Visual Studio Version 16
VisualStudioVersion = 16.0.31424.327
MinimumVisualStudioVersion = 10.0.40219.1
Project("{9A19103F-16F7-4668-BE54-9A1E7A4F7556}") = "ATM_Console_Application", "ATM_Console_Application\ATM_Console_Application.csproj", "{582F10C7-1873-4165-B304-AA81A4F74615}"
EndProject
Project("{9A19103F-16F7-4668-BE54-9A1E7A4F7556}") = "Data", "Data\Data.csproj", "{0F8FC068-CC8A-438D-BC7B-1B6BF573061C}"
EndProject
Global
	GlobalSection(SolutionConfigurationPlatforms) = preSolution
		Debug|Any CPU = Debug|Any CPU
		Release|Any CPU = Release|Any CPU
	EndGlobalSection
	GlobalSection(ProjectConfigurationPlatforms) = postSolution
		{582F10C7-1873-4165-B304-AA81A4F74615}.Debug|Any CPU.ActiveCfg = Debug|Any CPU
		{582F10C7-1873-4165-B304-AA81A4F74615}.Debug|Any CPU.Build.0 = Debug|Any CPU
		{582F10C7-1873-4165-B304-AA81A4F74615}.Release|Any CPU.ActiveCfg = Release|Any CPU
		{582F10C7-1873-4165-B304-AA81A4F74615}.Release|Any CPU.Build.0 = Release|Any CPU
		{0F8FC068-CC8A-438D-BC7B-1B6BF573061C}.Debug|Any CPU.ActiveCfg = Debug|Any CPU
		{0F8FC068-CC8A-438D-BC7B-1B6BF573061C}.Debug|Any CPU.Build.0 = Debug|Any CPU
		{0F8FC068-CC8A-438D-BC7B-1B6BF573061C}.Release|Any CPU.ActiveCfg = Release|Any CPU
		{0F8FC068-CC8A-438D-BC7B-1B6BF573061C}.Release|Any CPU.Build.0 = Release|Any CPU
	EndGlobalSection
	GlobalSection(SolutionProperties) = preSolution
		HideSolutionNode = FALSE
	EndGlobalSection
	GlobalSection(ExtensibilityGlobals) = postSolution
		SolutionGuid = {70ED8D5E-BA9B-4690-8BE1-8DA2C5637388}
	EndGlobalSection
EndGlobal
